
Microsoft Visual Studio Solution File, Format Version 12.00
# Visual Studio Version 17
VisualStudioVersion = 17.5.33103.201
MinimumVisualStudioVersion = 10.0.40219.1
Project("{FAE04EC0-301F-11D3-BF4B-00C04F79EFBC}") = "MyLibCsharp", "MyLib_Csharp\MyLibCsharp.csproj", "{38CA10FC-2069-4177-88F1-4615EBDDBC51}"
EndProject
Project("{FAE04EC0-301F-11D3-BF4B-00C04F79EFBC}") = "MyLibCsharpMain", "MyLibCsharpMain\MyLibCsharpMain.csproj", "{F2F4BBCC-EB13-4FD2-B3C2-2AFEB601EB5A}"
EndProject
Project("{FAE04EC0-301F-11D3-BF4B-00C04F79EFBC}") = "MyLibCsharpTest", "MyLibCsharpTest\MyLibCsharpTest.csproj", "{CC707A85-2246-4D53-AC7F-4B71947EFDC4}"
EndProject
Project("{FAE04EC0-301F-11D3-BF4B-00C04F79EFBC}") = "z_LeetCodeTest", "z_LeetCodeTest\z_LeetCodeTest.csproj", "{268D5083-4D7E-4094-BC76-034B29096EE2}"
EndProject
Project("{FAE04EC0-301F-11D3-BF4B-00C04F79EFBC}") = "z_LeetCode", "z_LeetCode\z_LeetCode.csproj", "{5CC852D4-1719-4ACC-846B-576401E20E40}"
EndProject
Global
	GlobalSection(SolutionConfigurationPlatforms) = preSolution
		Debug|Any CPU = Debug|Any CPU
		Release|Any CPU = Release|Any CPU
	EndGlobalSection
	GlobalSection(ProjectConfigurationPlatforms) = postSolution
		{38CA10FC-2069-4177-88F1-4615EBDDBC51}.Debug|Any CPU.ActiveCfg = Debug|Any CPU
		{38CA10FC-2069-4177-88F1-4615EBDDBC51}.Debug|Any CPU.Build.0 = Debug|Any CPU
		{38CA10FC-2069-4177-88F1-4615EBDDBC51}.Release|Any CPU.ActiveCfg = Release|Any CPU
		{38CA10FC-2069-4177-88F1-4615EBDDBC51}.Release|Any CPU.Build.0 = Release|Any CPU
		{F2F4BBCC-EB13-4FD2-B3C2-2AFEB601EB5A}.Debug|Any CPU.ActiveCfg = Debug|Any CPU
		{F2F4BBCC-EB13-4FD2-B3C2-2AFEB601EB5A}.Debug|Any CPU.Build.0 = Debug|Any CPU
		{F2F4BBCC-EB13-4FD2-B3C2-2AFEB601EB5A}.Release|Any CPU.ActiveCfg = Release|Any CPU
		{F2F4BBCC-EB13-4FD2-B3C2-2AFEB601EB5A}.Release|Any CPU.Build.0 = Release|Any CPU
		{CC707A85-2246-4D53-AC7F-4B71947EFDC4}.Debug|Any CPU.ActiveCfg = Debug|Any CPU
		{CC707A85-2246-4D53-AC7F-4B71947EFDC4}.Debug|Any CPU.Build.0 = Debug|Any CPU
		{CC707A85-2246-4D53-AC7F-4B71947EFDC4}.Release|Any CPU.ActiveCfg = Release|Any CPU
		{CC707A85-2246-4D53-AC7F-4B71947EFDC4}.Release|Any CPU.Build.0 = Release|Any CPU
		{268D5083-4D7E-4094-BC76-034B29096EE2}.Debug|Any CPU.ActiveCfg = Debug|Any CPU
		{268D5083-4D7E-4094-BC76-034B29096EE2}.Debug|Any CPU.Build.0 = Debug|Any CPU
		{268D5083-4D7E-4094-BC76-034B29096EE2}.Release|Any CPU.ActiveCfg = Release|Any CPU
		{268D5083-4D7E-4094-BC76-034B29096EE2}.Release|Any CPU.Build.0 = Release|Any CPU
		{5CC852D4-1719-4ACC-846B-576401E20E40}.Debug|Any CPU.ActiveCfg = Debug|Any CPU
		{5CC852D4-1719-4ACC-846B-576401E20E40}.Debug|Any CPU.Build.0 = Debug|Any CPU
		{5CC852D4-1719-4ACC-846B-576401E20E40}.Release|Any CPU.ActiveCfg = Release|Any CPU
		{5CC852D4-1719-4ACC-846B-576401E20E40}.Release|Any CPU.Build.0 = Release|Any CPU
	EndGlobalSection
	GlobalSection(SolutionProperties) = preSolution
		HideSolutionNode = FALSE
	EndGlobalSection
	GlobalSection(ExtensibilityGlobals) = postSolution
		SolutionGuid = {35688C9D-717C-41AE-BD34-F9A6A184519E}
	EndGlobalSection
EndGlobal
