
Microsoft Visual Studio Solution File, Format Version 12.00
# Visual Studio Version 16
VisualStudioVersion = 16.0.29806.167
MinimumVisualStudioVersion = 10.0.40219.1
Project("{9A19103F-16F7-4668-BE54-9A1E7A4F7556}") = "MyLib_Csharp", "MyLib_Csharp\MyLib_Csharp.csproj", "{678E223B-58EF-4D48-9E5B-A68F68607978}"
EndProject
Global
	GlobalSection(SolutionConfigurationPlatforms) = preSolution
		Debug|Any CPU = Debug|Any CPU
		Release|Any CPU = Release|Any CPU
	EndGlobalSection
	GlobalSection(ProjectConfigurationPlatforms) = postSolution
		{678E223B-58EF-4D48-9E5B-A68F68607978}.Debug|Any CPU.ActiveCfg = Debug|Any CPU
		{678E223B-58EF-4D48-9E5B-A68F68607978}.Debug|Any CPU.Build.0 = Debug|Any CPU
		{678E223B-58EF-4D48-9E5B-A68F68607978}.Release|Any CPU.ActiveCfg = Release|Any CPU
		{678E223B-58EF-4D48-9E5B-A68F68607978}.Release|Any CPU.Build.0 = Release|Any CPU
	EndGlobalSection
	GlobalSection(SolutionProperties) = preSolution
		HideSolutionNode = FALSE
	EndGlobalSection
	GlobalSection(ExtensibilityGlobals) = postSolution
		SolutionGuid = {3D472B19-CF81-4EFD-9518-70D0249644A6}
	EndGlobalSection
EndGlobal
